// !$*UTF8*$!
{
	archiveVersion = 1;
	classes = {
	};
	objectVersion = 50;
	objects = {

/* Begin PBXBuildFile section */
		52000E34245C50070027C6DD /* SearchViewController.swift in Sources */ = {isa = PBXBuildFile; fileRef = 52000E33245C50070027C6DD /* SearchViewController.swift */; };
		52000E36245C508D0027C6DD /* Repo.swift in Sources */ = {isa = PBXBuildFile; fileRef = 52000E35245C508D0027C6DD /* Repo.swift */; };
		52000E38245C63640027C6DD /* Quiz.swift in Sources */ = {isa = PBXBuildFile; fileRef = 52000E37245C63640027C6DD /* Quiz.swift */; };
		52000E3A245C65140027C6DD /* Question.swift in Sources */ = {isa = PBXBuildFile; fileRef = 52000E39245C65140027C6DD /* Question.swift */; };
		52E1F75E245B6F7E00B054D2 /* AppDelegate.swift in Sources */ = {isa = PBXBuildFile; fileRef = 52E1F75D245B6F7E00B054D2 /* AppDelegate.swift */; };
		52E1F760245B6F7E00B054D2 /* SceneDelegate.swift in Sources */ = {isa = PBXBuildFile; fileRef = 52E1F75F245B6F7E00B054D2 /* SceneDelegate.swift */; };
		52E1F762245B6F7E00B054D2 /* QuizViewController.swift in Sources */ = {isa = PBXBuildFile; fileRef = 52E1F761245B6F7E00B054D2 /* QuizViewController.swift */; };
		52E1F765245B6F7E00B054D2 /* Main.storyboard in Resources */ = {isa = PBXBuildFile; fileRef = 52E1F763245B6F7E00B054D2 /* Main.storyboard */; };
		52E1F767245B6F8000B054D2 /* Assets.xcassets in Resources */ = {isa = PBXBuildFile; fileRef = 52E1F766245B6F8000B054D2 /* Assets.xcassets */; };
		52E1F76A245B6F8000B054D2 /* LaunchScreen.storyboard in Resources */ = {isa = PBXBuildFile; fileRef = 52E1F768245B6F8000B054D2 /* LaunchScreen.storyboard */; };
/* End PBXBuildFile section */

/* Begin PBXFileReference section */
		52000E33245C50070027C6DD /* SearchViewController.swift */ = {isa = PBXFileReference; lastKnownFileType = sourcecode.swift; path = SearchViewController.swift; sourceTree = "<group>"; };
		52000E35245C508D0027C6DD /* Repo.swift */ = {isa = PBXFileReference; lastKnownFileType = sourcecode.swift; path = Repo.swift; sourceTree = "<group>"; };
		52000E37245C63640027C6DD /* Quiz.swift */ = {isa = PBXFileReference; lastKnownFileType = sourcecode.swift; path = Quiz.swift; sourceTree = "<group>"; };
		52000E39245C65140027C6DD /* Question.swift */ = {isa = PBXFileReference; lastKnownFileType = sourcecode.swift; path = Question.swift; sourceTree = "<group>"; };
		52E1F75A245B6F7E00B054D2 /* iOSVjestina2019.app */ = {isa = PBXFileReference; explicitFileType = wrapper.application; includeInIndex = 0; path = iOSVjestina2019.app; sourceTree = BUILT_PRODUCTS_DIR; };
		52E1F75D245B6F7E00B054D2 /* AppDelegate.swift */ = {isa = PBXFileReference; lastKnownFileType = sourcecode.swift; path = AppDelegate.swift; sourceTree = "<group>"; };
		52E1F75F245B6F7E00B054D2 /* SceneDelegate.swift */ = {isa = PBXFileReference; lastKnownFileType = sourcecode.swift; path = SceneDelegate.swift; sourceTree = "<group>"; };
		52E1F761245B6F7E00B054D2 /* QuizViewController.swift */ = {isa = PBXFileReference; lastKnownFileType = sourcecode.swift; path = QuizViewController.swift; sourceTree = "<group>"; };
		52E1F764245B6F7E00B054D2 /* Base */ = {isa = PBXFileReference; lastKnownFileType = file.storyboard; name = Base; path = Base.lproj/Main.storyboard; sourceTree = "<group>"; };
		52E1F766245B6F8000B054D2 /* Assets.xcassets */ = {isa = PBXFileReference; lastKnownFileType = folder.assetcatalog; path = Assets.xcassets; sourceTree = "<group>"; };
		52E1F769245B6F8000B054D2 /* Base */ = {isa = PBXFileReference; lastKnownFileType = file.storyboard; name = Base; path = Base.lproj/LaunchScreen.storyboard; sourceTree = "<group>"; };
		52E1F76B245B6F8000B054D2 /* Info.plist */ = {isa = PBXFileReference; lastKnownFileType = text.plist.xml; path = Info.plist; sourceTree = "<group>"; };
/* End PBXFileReference section */

/* Begin PBXFrameworksBuildPhase section */
		52E1F757245B6F7E00B054D2 /* Frameworks */ = {
			isa = PBXFrameworksBuildPhase;
			buildActionMask = 2147483647;
			files = (
			);
			runOnlyForDeploymentPostprocessing = 0;
		};
/* End PBXFrameworksBuildPhase section */

/* Begin PBXGroup section */
		52E1F751245B6F7D00B054D2 = {
			isa = PBXGroup;
			children = (
				52E1F75C245B6F7E00B054D2 /* iOSVjestina2019 */,
				52E1F75B245B6F7E00B054D2 /* Products */,
			);
			sourceTree = "<group>";
		};
		52E1F75B245B6F7E00B054D2 /* Products */ = {
			isa = PBXGroup;
			children = (
				52E1F75A245B6F7E00B054D2 /* iOSVjestina2019.app */,
			);
			name = Products;
			sourceTree = "<group>";
		};
		52E1F75C245B6F7E00B054D2 /* iOSVjestina2019 */ = {
			isa = PBXGroup;
			children = (
				52E1F75D245B6F7E00B054D2 /* AppDelegate.swift */,
				52E1F75F245B6F7E00B054D2 /* SceneDelegate.swift */,
				52E1F761245B6F7E00B054D2 /* QuizViewController.swift */,
				52E1F763245B6F7E00B054D2 /* Main.storyboard */,
				52E1F766245B6F8000B054D2 /* Assets.xcassets */,
				52E1F768245B6F8000B054D2 /* LaunchScreen.storyboard */,
				52E1F76B245B6F8000B054D2 /* Info.plist */,
				52000E33245C50070027C6DD /* SearchViewController.swift */,
				52000E35245C508D0027C6DD /* Repo.swift */,
				52000E37245C63640027C6DD /* Quiz.swift */,
				52000E39245C65140027C6DD /* Question.swift */,
			);
			path = iOSVjestina2019;
			sourceTree = "<group>";
		};
/* End PBXGroup section */

/* Begin PBXNativeTarget section */
		52E1F759245B6F7E00B054D2 /* iOSVjestina2019 */ = {
			isa = PBXNativeTarget;
			buildConfigurationList = 52E1F76E245B6F8000B054D2 /* Build configuration list for PBXNativeTarget "iOSVjestina2019" */;
			buildPhases = (
				52E1F756245B6F7E00B054D2 /* Sources */,
				52E1F757245B6F7E00B054D2 /* Frameworks */,
				52E1F758245B6F7E00B054D2 /* Resources */,
			);
			buildRules = (
			);
			dependencies = (
			);
			name = iOSVjestina2019;
			productName = iOSVjestina2019;
			productReference = 52E1F75A245B6F7E00B054D2 /* iOSVjestina2019.app */;
			productType = "com.apple.product-type.application";
		};
/* End PBXNativeTarget section */

/* Begin PBXProject section */
		52E1F752245B6F7D00B054D2 /* Project object */ = {
			isa = PBXProject;
			attributes = {
				LastSwiftUpdateCheck = 1140;
				LastUpgradeCheck = 1140;
				ORGANIZATIONNAME = Algebra;
				TargetAttributes = {
					52E1F759245B6F7E00B054D2 = {
						CreatedOnToolsVersion = 11.4.1;
					};
				};
			};
			buildConfigurationList = 52E1F755245B6F7D00B054D2 /* Build configuration list for PBXProject "iOSVjestina2019" */;
			compatibilityVersion = "Xcode 9.3";
			developmentRegion = en;
			hasScannedForEncodings = 0;
			knownRegions = (
				en,
				Base,
			);
			mainGroup = 52E1F751245B6F7D00B054D2;
			productRefGroup = 52E1F75B245B6F7E00B054D2 /* Products */;
			projectDirPath = "";
			projectRoot = "";
			targets = (
				52E1F759245B6F7E00B054D2 /* iOSVjestina2019 */,
			);
		};
/* End PBXProject section */

/* Begin PBXResourcesBuildPhase section */
		52E1F758245B6F7E00B054D2 /* Resources */ = {
			isa = PBXResourcesBuildPhase;
			buildActionMask = 2147483647;
			files = (
				52E1F76A245B6F8000B054D2 /* LaunchScreen.storyboard in Resources */,
				52E1F767245B6F8000B054D2 /* Assets.xcassets in Resources */,
				52E1F765245B6F7E00B054D2 /* Main.storyboard in Resources */,
			);
			runOnlyForDeploymentPostprocessing = 0;
		};
/* End PBXResourcesBuildPhase section */

/* Begin PBXSourcesBuildPhase section */
		52E1F756245B6F7E00B054D2 /* Sources */ = {
			isa = PBXSourcesBuildPhase;
			buildActionMask = 2147483647;
			files = (
				52E1F762245B6F7E00B054D2 /* QuizViewController.swift in Sources */,
				52E1F75E245B6F7E00B054D2 /* AppDelegate.swift in Sources */,
				52000E38245C63640027C6DD /* Quiz.swift in Sources */,
				52000E36245C508D0027C6DD /* Repo.swift in Sources */,
				52000E34245C50070027C6DD /* SearchViewController.swift in Sources */,
				52000E3A245C65140027C6DD /* Question.swift in Sources */,
				52E1F760245B6F7E00B054D2 /* SceneDelegate.swift in Sources */,
			);
			runOnlyForDeploymentPostprocessing = 0;
		};
/* End PBXSourcesBuildPhase section */

/* Begin PBXVariantGroup section */
		52E1F763245B6F7E00B054D2 /* Main.storyboard */ = {
			isa = PBXVariantGroup;
			children = (
				52E1F764245B6F7E00B054D2 /* Base */,
			);
			name = Main.storyboard;
			sourceTree = "<group>";
		};
		52E1F768245B6F8000B054D2 /* LaunchScreen.storyboard */ = {
			isa = PBXVariantGroup;
			children = (
				52E1F769245B6F8000B054D2 /* Base */,
			);
			name = LaunchScreen.storyboard;
			sourceTree = "<group>";
		};
/* End PBXVariantGroup section */

/* Begin XCBuildConfiguration section */
		52E1F76C245B6F8000B054D2 /* Debug */ = {
			isa = XCBuildConfiguration;
			buildSettings = {
				ALWAYS_SEARCH_USER_PATHS = NO;
				CLANG_ANALYZER_NONNULL = YES;
				CLANG_ANALYZER_NUMBER_OBJECT_CONVERSION = YES_AGGRESSIVE;
				CLANG_CXX_LANGUAGE_STANDARD = "gnu++14";
				CLANG_CXX_LIBRARY = "libc++";
				CLANG_ENABLE_MODULES = YES;
				CLANG_ENABLE_OBJC_ARC = YES;
				CLANG_ENABLE_OBJC_WEAK = YES;
				CLANG_WARN_BLOCK_CAPTURE_AUTORELEASING = YES;
				CLANG_WARN_BOOL_CONVERSION = YES;
				CLANG_WARN_COMMA = YES;
				CLANG_WARN_CONSTANT_CONVERSION = YES;
				CLANG_WARN_DEPRECATED_OBJC_IMPLEMENTATIONS = YES;
				CLANG_WARN_DIRECT_OBJC_ISA_USAGE = YES_ERROR;
				CLANG_WARN_DOCUMENTATION_COMMENTS = YES;
				CLANG_WARN_EMPTY_BODY = YES;
				CLANG_WARN_ENUM_CONVERSION = YES;
				CLANG_WARN_INFINITE_RECURSION = YES;
				CLANG_WARN_INT_CONVERSION = YES;
				CLANG_WARN_NON_LITERAL_NULL_CONVERSION = YES;
				CLANG_WARN_OBJC_IMPLICIT_RETAIN_SELF = YES;
				CLANG_WARN_OBJC_LITERAL_CONVERSION = YES;
				CLANG_WARN_OBJC_ROOT_CLASS = YES_ERROR;
				CLANG_WARN_RANGE_LOOP_ANALYSIS = YES;
				CLANG_WARN_STRICT_PROTOTYPES = YES;
				CLANG_WARN_SUSPICIOUS_MOVE = YES;
				CLANG_WARN_UNGUARDED_AVAILABILITY = YES_AGGRESSIVE;
				CLANG_WARN_UNREACHABLE_CODE = YES;
				CLANG_WARN__DUPLICATE_METHOD_MATCH = YES;
				COPY_PHASE_STRIP = NO;
				DEBUG_INFORMATION_FORMAT = dwarf;
				ENABLE_STRICT_OBJC_MSGSEND = YES;
				ENABLE_TESTABILITY = YES;
				GCC_C_LANGUAGE_STANDARD = gnu11;
				GCC_DYNAMIC_NO_PIC = NO;
				GCC_NO_COMMON_BLOCKS = YES;
				GCC_OPTIMIZATION_LEVEL = 0;
				GCC_PREPROCESSOR_DEFINITIONS = (
					"DEBUG=1",
					"$(inherited)",
				);
				GCC_WARN_64_TO_32_BIT_CONVERSION = YES;
				GCC_WARN_ABOUT_RETURN_TYPE = YES_ERROR;
				GCC_WARN_UNDECLARED_SELECTOR = YES;
				GCC_WARN_UNINITIALIZED_AUTOS = YES_AGGRESSIVE;
				GCC_WARN_UNUSED_FUNCTION = YES;
				GCC_WARN_UNUSED_VARIABLE = YES;
				IPHONEOS_DEPLOYMENT_TARGET = 13.4;
				MTL_ENABLE_DEBUG_INFO = INCLUDE_SOURCE;
				MTL_FAST_MATH = YES;
				ONLY_ACTIVE_ARCH = YES;
				SDKROOT = iphoneos;
				SWIFT_ACTIVE_COMPILATION_CONDITIONS = DEBUG;
				SWIFT_OPTIMIZATION_LEVEL = "-Onone";
			};
			name = Debug;
		};
		52E1F76D245B6F8000B054D2 /* Release */ = {
			isa = XCBuildConfiguration;
			buildSettings = {
				ALWAYS_SEARCH_USER_PATHS = NO;
				CLANG_ANALYZER_NONNULL = YES;
				CLANG_ANALYZER_NUMBER_OBJECT_CONVERSION = YES_AGGRESSIVE;
				CLANG_CXX_LANGUAGE_STANDARD = "gnu++14";
				CLANG_CXX_LIBRARY = "libc++";
				CLANG_ENABLE_MODULES = YES;
				CLANG_ENABLE_OBJC_ARC = YES;
				CLANG_ENABLE_OBJC_WEAK = YES;
				CLANG_WARN_BLOCK_CAPTURE_AUTORELEASING = YES;
				CLANG_WARN_BOOL_CONVERSION = YES;
				CLANG_WARN_COMMA = YES;
				CLANG_WARN_CONSTANT_CONVERSION = YES;
				CLANG_WARN_DEPRECATED_OBJC_IMPLEMENTATIONS = YES;
				CLANG_WARN_DIRECT_OBJC_ISA_USAGE = YES_ERROR;
				CLANG_WARN_DOCUMENTATION_COMMENTS = YES;
				CLANG_WARN_EMPTY_BODY = YES;
				CLANG_WARN_ENUM_CONVERSION = YES;
				CLANG_WARN_INFINITE_RECURSION = YES;
				CLANG_WARN_INT_CONVERSION = YES;
				CLANG_WARN_NON_LITERAL_NULL_CONVERSION = YES;
				CLANG_WARN_OBJC_IMPLICIT_RETAIN_SELF = YES;
				CLANG_WARN_OBJC_LITERAL_CONVERSION = YES;
				CLANG_WARN_OBJC_ROOT_CLASS = YES_ERROR;
				CLANG_WARN_RANGE_LOOP_ANALYSIS = YES;
				CLANG_WARN_STRICT_PROTOTYPES = YES;
				CLANG_WARN_SUSPICIOUS_MOVE = YES;
				CLANG_WARN_UNGUARDED_AVAILABILITY = YES_AGGRESSIVE;
				CLANG_WARN_UNREACHABLE_CODE = YES;
				CLANG_WARN__DUPLICATE_METHOD_MATCH = YES;
				COPY_PHASE_STRIP = NO;
				DEBUG_INFORMATION_FORMAT = "dwarf-with-dsym";
				ENABLE_NS_ASSERTIONS = NO;
				ENABLE_STRICT_OBJC_MSGSEND = YES;
				GCC_C_LANGUAGE_STANDARD = gnu11;
				GCC_NO_COMMON_BLOCKS = YES;
				GCC_WARN_64_TO_32_BIT_CONVERSION = YES;
				GCC_WARN_ABOUT_RETURN_TYPE = YES_ERROR;
				GCC_WARN_UNDECLARED_SELECTOR = YES;
				GCC_WARN_UNINITIALIZED_AUTOS = YES_AGGRESSIVE;
				GCC_WARN_UNUSED_FUNCTION = YES;
				GCC_WARN_UNUSED_VARIABLE = YES;
				IPHONEOS_DEPLOYMENT_TARGET = 13.4;
				MTL_ENABLE_DEBUG_INFO = NO;
				MTL_FAST_MATH = YES;
				SDKROOT = iphoneos;
				SWIFT_COMPILATION_MODE = wholemodule;
				SWIFT_OPTIMIZATION_LEVEL = "-O";
				VALIDATE_PRODUCT = YES;
			};
			name = Release;
		};
		52E1F76F245B6F8000B054D2 /* Debug */ = {
			isa = XCBuildConfiguration;
			buildSettings = {
				ASSETCATALOG_COMPILER_APPICON_NAME = AppIcon;
				CODE_SIGN_STYLE = Automatic;
				INFOPLIST_FILE = iOSVjestina2019/Info.plist;
				IPHONEOS_DEPLOYMENT_TARGET = 13.0;
				LD_RUNPATH_SEARCH_PATHS = (
					"$(inherited)",
					"@executable_path/Frameworks",
				);
				PRODUCT_BUNDLE_IDENTIFIER = hr.algebra.badanjak.patrik.iOSVjestina2019;
				PRODUCT_NAME = "$(TARGET_NAME)";
				SWIFT_VERSION = 5.0;
				TARGETED_DEVICE_FAMILY = "1,2";
			};
			name = Debug;
		};
		52E1F770245B6F8000B054D2 /* Release */ = {
			isa = XCBuildConfiguration;
			buildSettings = {
				ASSETCATALOG_COMPILER_APPICON_NAME = AppIcon;
				CODE_SIGN_STYLE = Automatic;
				INFOPLIST_FILE = iOSVjestina2019/Info.plist;
				IPHONEOS_DEPLOYMENT_TARGET = 13.0;
				LD_RUNPATH_SEARCH_PATHS = (
					"$(inherited)",
					"@executable_path/Frameworks",
				);
				PRODUCT_BUNDLE_IDENTIFIER = hr.algebra.badanjak.patrik.iOSVjestina2019;
				PRODUCT_NAME = "$(TARGET_NAME)";
				SWIFT_VERSION = 5.0;
				TARGETED_DEVICE_FAMILY = "1,2";
			};
			name = Release;
		};
/* End XCBuildConfiguration section */

/* Begin XCConfigurationList section */
		52E1F755245B6F7D00B054D2 /* Build configuration list for PBXProject "iOSVjestina2019" */ = {
			isa = XCConfigurationList;
			buildConfigurations = (
				52E1F76C245B6F8000B054D2 /* Debug */,
				52E1F76D245B6F8000B054D2 /* Release */,
			);
			defaultConfigurationIsVisible = 0;
			defaultConfigurationName = Release;
		};
		52E1F76E245B6F8000B054D2 /* Build configuration list for PBXNativeTarget "iOSVjestina2019" */ = {
			isa = XCConfigurationList;
			buildConfigurations = (
				52E1F76F245B6F8000B054D2 /* Debug */,
				52E1F770245B6F8000B054D2 /* Release */,
			);
			defaultConfigurationIsVisible = 0;
			defaultConfigurationName = Release;
		};
/* End XCConfigurationList section */
	};
	rootObject = 52E1F752245B6F7D00B054D2 /* Project object */;
}
